
Microsoft Visual Studio Solution File, Format Version 12.00
# Visual Studio Version 17
VisualStudioVersion = 17.12.35707.178 d17.12
MinimumVisualStudioVersion = 10.0.40219.1
Project("{2150E333-8FDC-42A3-9474-1A3956D46DE8}") = "Src", "Src", "{AB3885B7-8615-43F3-8EA8-D95181C6607D}"
EndProject
Project("{2150E333-8FDC-42A3-9474-1A3956D46DE8}") = "Doc", "Doc", "{09E8433C-22D8-47AE-98CB-6AB559AD7362}"
EndProject
Project("{2150E333-8FDC-42A3-9474-1A3956D46DE8}") = "Test", "Test", "{3F449957-0BCC-4155-8F83-46F105B234BB}"
EndProject
Project("{2150E333-8FDC-42A3-9474-1A3956D46DE8}") = "Core", "Core", "{771C268B-FF1A-4979-A1D3-E1666CB91DBF}"
EndProject
Project("{FAE04EC0-301F-11D3-BF4B-00C04F79EFBC}") = "Regal.Application", "Regal.Application\Regal.Application.csproj", "{5B734B06-9D81-4DBE-9E44-C764ED3CF846}"
EndProject
Project("{FAE04EC0-301F-11D3-BF4B-00C04F79EFBC}") = "Regal.Domain", "Regal.Domain\Regal.Domain.csproj", "{1CE875E6-03FB-48A5-A872-CCB36EF522F4}"
EndProject
Project("{2150E333-8FDC-42A3-9474-1A3956D46DE8}") = "Common", "Common", "{A74CEFB1-168B-48E1-A34A-D2E1F1EC4FE1}"
EndProject
Project("{FAE04EC0-301F-11D3-BF4B-00C04F79EFBC}") = "Regal.Common", "Regal.Common\Regal.Common.csproj", "{F1831FC0-FEC8-4249-A971-1C27C48AA11B}"
EndProject
Project("{2150E333-8FDC-42A3-9474-1A3956D46DE8}") = "Infrastructure", "Infrastructure", "{E6F1D4CE-3383-441C-8255-7DAFD20B768F}"
EndProject
Project("{FAE04EC0-301F-11D3-BF4B-00C04F79EFBC}") = "Regal.Infrastructure", "Regal.Infrastructure\Regal.Infrastructure.csproj", "{F329AD24-46C8-4CC4-9376-1350D104FAE4}"
EndProject
Project("{FAE04EC0-301F-11D3-BF4B-00C04F79EFBC}") = "Regal.Persistance", "Regal.Persistance\Regal.Persistance.csproj", "{DB91E9F9-69FE-423E-B32D-762CA367BBE1}"
EndProject
Project("{2150E333-8FDC-42A3-9474-1A3956D46DE8}") = "Persentation", "Persentation", "{5AAD2F6B-5168-4A1A-BCAC-75C7836032D5}"
EndProject
Project("{FAE04EC0-301F-11D3-BF4B-00C04F79EFBC}") = "WebApi.EndPoint", "WebApi.EndPoint\WebApi.EndPoint.csproj", "{BFEA6029-2AA7-409A-B839-D7ABAB4F4039}"
EndProject
Global
	GlobalSection(SolutionConfigurationPlatforms) = preSolution
		Debug|Any CPU = Debug|Any CPU
		Release|Any CPU = Release|Any CPU
	EndGlobalSection
	GlobalSection(ProjectConfigurationPlatforms) = postSolution
		{5B734B06-9D81-4DBE-9E44-C764ED3CF846}.Debug|Any CPU.ActiveCfg = Debug|Any CPU
		{5B734B06-9D81-4DBE-9E44-C764ED3CF846}.Debug|Any CPU.Build.0 = Debug|Any CPU
		{5B734B06-9D81-4DBE-9E44-C764ED3CF846}.Release|Any CPU.ActiveCfg = Release|Any CPU
		{5B734B06-9D81-4DBE-9E44-C764ED3CF846}.Release|Any CPU.Build.0 = Release|Any CPU
		{1CE875E6-03FB-48A5-A872-CCB36EF522F4}.Debug|Any CPU.ActiveCfg = Debug|Any CPU
		{1CE875E6-03FB-48A5-A872-CCB36EF522F4}.Debug|Any CPU.Build.0 = Debug|Any CPU
		{1CE875E6-03FB-48A5-A872-CCB36EF522F4}.Release|Any CPU.ActiveCfg = Release|Any CPU
		{1CE875E6-03FB-48A5-A872-CCB36EF522F4}.Release|Any CPU.Build.0 = Release|Any CPU
		{F1831FC0-FEC8-4249-A971-1C27C48AA11B}.Debug|Any CPU.ActiveCfg = Debug|Any CPU
		{F1831FC0-FEC8-4249-A971-1C27C48AA11B}.Debug|Any CPU.Build.0 = Debug|Any CPU
		{F1831FC0-FEC8-4249-A971-1C27C48AA11B}.Release|Any CPU.ActiveCfg = Release|Any CPU
		{F1831FC0-FEC8-4249-A971-1C27C48AA11B}.Release|Any CPU.Build.0 = Release|Any CPU
		{F329AD24-46C8-4CC4-9376-1350D104FAE4}.Debug|Any CPU.ActiveCfg = Debug|Any CPU
		{F329AD24-46C8-4CC4-9376-1350D104FAE4}.Debug|Any CPU.Build.0 = Debug|Any CPU
		{F329AD24-46C8-4CC4-9376-1350D104FAE4}.Release|Any CPU.ActiveCfg = Release|Any CPU
		{F329AD24-46C8-4CC4-9376-1350D104FAE4}.Release|Any CPU.Build.0 = Release|Any CPU
		{DB91E9F9-69FE-423E-B32D-762CA367BBE1}.Debug|Any CPU.ActiveCfg = Debug|Any CPU
		{DB91E9F9-69FE-423E-B32D-762CA367BBE1}.Debug|Any CPU.Build.0 = Debug|Any CPU
		{DB91E9F9-69FE-423E-B32D-762CA367BBE1}.Release|Any CPU.ActiveCfg = Release|Any CPU
		{DB91E9F9-69FE-423E-B32D-762CA367BBE1}.Release|Any CPU.Build.0 = Release|Any CPU
		{BFEA6029-2AA7-409A-B839-D7ABAB4F4039}.Debug|Any CPU.ActiveCfg = Debug|Any CPU
		{BFEA6029-2AA7-409A-B839-D7ABAB4F4039}.Debug|Any CPU.Build.0 = Debug|Any CPU
		{BFEA6029-2AA7-409A-B839-D7ABAB4F4039}.Release|Any CPU.ActiveCfg = Release|Any CPU
		{BFEA6029-2AA7-409A-B839-D7ABAB4F4039}.Release|Any CPU.Build.0 = Release|Any CPU
	EndGlobalSection
	GlobalSection(SolutionProperties) = preSolution
		HideSolutionNode = FALSE
	EndGlobalSection
	GlobalSection(NestedProjects) = preSolution
		{771C268B-FF1A-4979-A1D3-E1666CB91DBF} = {AB3885B7-8615-43F3-8EA8-D95181C6607D}
		{5B734B06-9D81-4DBE-9E44-C764ED3CF846} = {771C268B-FF1A-4979-A1D3-E1666CB91DBF}
		{1CE875E6-03FB-48A5-A872-CCB36EF522F4} = {771C268B-FF1A-4979-A1D3-E1666CB91DBF}
		{A74CEFB1-168B-48E1-A34A-D2E1F1EC4FE1} = {AB3885B7-8615-43F3-8EA8-D95181C6607D}
		{F1831FC0-FEC8-4249-A971-1C27C48AA11B} = {A74CEFB1-168B-48E1-A34A-D2E1F1EC4FE1}
		{E6F1D4CE-3383-441C-8255-7DAFD20B768F} = {AB3885B7-8615-43F3-8EA8-D95181C6607D}
		{F329AD24-46C8-4CC4-9376-1350D104FAE4} = {E6F1D4CE-3383-441C-8255-7DAFD20B768F}
		{DB91E9F9-69FE-423E-B32D-762CA367BBE1} = {E6F1D4CE-3383-441C-8255-7DAFD20B768F}
		{5AAD2F6B-5168-4A1A-BCAC-75C7836032D5} = {AB3885B7-8615-43F3-8EA8-D95181C6607D}
		{BFEA6029-2AA7-409A-B839-D7ABAB4F4039} = {5AAD2F6B-5168-4A1A-BCAC-75C7836032D5}
	EndGlobalSection
EndGlobal
